// !$*UTF8*$!
{
	archiveVersion = 1;
	classes = {
	};
	objectVersion = 50;
	objects = {

/* Begin PBXBuildFile section */
		AE54AA0624E2372C003A1BCD /* AppDelegate.swift in Sources */ = {isa = PBXBuildFile; fileRef = AE54AA0524E2372C003A1BCD /* AppDelegate.swift */; };
		AE54AA0824E2372C003A1BCD /* SceneDelegate.swift in Sources */ = {isa = PBXBuildFile; fileRef = AE54AA0724E2372C003A1BCD /* SceneDelegate.swift */; };
		AE54AA0B24E2372C003A1BCD /* Today.xcdatamodeld in Sources */ = {isa = PBXBuildFile; fileRef = AE54AA0924E2372C003A1BCD /* Today.xcdatamodeld */; };
		AE54AA0D24E2372C003A1BCD /* ContentView.swift in Sources */ = {isa = PBXBuildFile; fileRef = AE54AA0C24E2372C003A1BCD /* ContentView.swift */; };
		AE54AA0F24E23730003A1BCD /* Assets.xcassets in Resources */ = {isa = PBXBuildFile; fileRef = AE54AA0E24E23730003A1BCD /* Assets.xcassets */; };
		AE54AA1224E23730003A1BCD /* Preview Assets.xcassets in Resources */ = {isa = PBXBuildFile; fileRef = AE54AA1124E23730003A1BCD /* Preview Assets.xcassets */; };
		AE54AA1524E23730003A1BCD /* LaunchScreen.storyboard in Resources */ = {isa = PBXBuildFile; fileRef = AE54AA1324E23730003A1BCD /* LaunchScreen.storyboard */; };
		AE54AA2024E23730003A1BCD /* TodayTests.swift in Sources */ = {isa = PBXBuildFile; fileRef = AE54AA1F24E23730003A1BCD /* TodayTests.swift */; };
/* End PBXBuildFile section */

/* Begin PBXContainerItemProxy section */
		AE54AA1C24E23730003A1BCD /* PBXContainerItemProxy */ = {
			isa = PBXContainerItemProxy;
			containerPortal = AE54A9FA24E2372C003A1BCD /* Project object */;
			proxyType = 1;
			remoteGlobalIDString = AE54AA0124E2372C003A1BCD;
			remoteInfo = Today;
		};
/* End PBXContainerItemProxy section */

/* Begin PBXFileReference section */
		AE54AA0224E2372C003A1BCD /* Today.app */ = {isa = PBXFileReference; explicitFileType = wrapper.application; includeInIndex = 0; path = Today.app; sourceTree = BUILT_PRODUCTS_DIR; };
		AE54AA0524E2372C003A1BCD /* AppDelegate.swift */ = {isa = PBXFileReference; lastKnownFileType = sourcecode.swift; path = AppDelegate.swift; sourceTree = "<group>"; };
		AE54AA0724E2372C003A1BCD /* SceneDelegate.swift */ = {isa = PBXFileReference; lastKnownFileType = sourcecode.swift; path = SceneDelegate.swift; sourceTree = "<group>"; };
		AE54AA0A24E2372C003A1BCD /* Today.xcdatamodel */ = {isa = PBXFileReference; lastKnownFileType = wrapper.xcdatamodel; path = Today.xcdatamodel; sourceTree = "<group>"; };
		AE54AA0C24E2372C003A1BCD /* ContentView.swift */ = {isa = PBXFileReference; lastKnownFileType = sourcecode.swift; path = ContentView.swift; sourceTree = "<group>"; };
		AE54AA0E24E23730003A1BCD /* Assets.xcassets */ = {isa = PBXFileReference; lastKnownFileType = folder.assetcatalog; path = Assets.xcassets; sourceTree = "<group>"; };
		AE54AA1124E23730003A1BCD /* Preview Assets.xcassets */ = {isa = PBXFileReference; lastKnownFileType = folder.assetcatalog; path = "Preview Assets.xcassets"; sourceTree = "<group>"; };
		AE54AA1424E23730003A1BCD /* Base */ = {isa = PBXFileReference; lastKnownFileType = file.storyboard; name = Base; path = Base.lproj/LaunchScreen.storyboard; sourceTree = "<group>"; };
		AE54AA1624E23730003A1BCD /* Info.plist */ = {isa = PBXFileReference; lastKnownFileType = text.plist.xml; path = Info.plist; sourceTree = "<group>"; };
		AE54AA1B24E23730003A1BCD /* TodayTests.xctest */ = {isa = PBXFileReference; explicitFileType = wrapper.cfbundle; includeInIndex = 0; path = TodayTests.xctest; sourceTree = BUILT_PRODUCTS_DIR; };
		AE54AA1F24E23730003A1BCD /* TodayTests.swift */ = {isa = PBXFileReference; lastKnownFileType = sourcecode.swift; path = TodayTests.swift; sourceTree = "<group>"; };
		AE54AA2124E23730003A1BCD /* Info.plist */ = {isa = PBXFileReference; lastKnownFileType = text.plist.xml; path = Info.plist; sourceTree = "<group>"; };
/* End PBXFileReference section */

/* Begin PBXFrameworksBuildPhase section */
		AE54A9FF24E2372C003A1BCD /* Frameworks */ = {
			isa = PBXFrameworksBuildPhase;
			buildActionMask = 2147483647;
			files = (
			);
			runOnlyForDeploymentPostprocessing = 0;
		};
		AE54AA1824E23730003A1BCD /* Frameworks */ = {
			isa = PBXFrameworksBuildPhase;
			buildActionMask = 2147483647;
			files = (
			);
			runOnlyForDeploymentPostprocessing = 0;
		};
/* End PBXFrameworksBuildPhase section */

/* Begin PBXGroup section */
		AE54A9F924E2372C003A1BCD = {
			isa = PBXGroup;
			children = (
				AE54AA0424E2372C003A1BCD /* Today */,
				AE54AA1E24E23730003A1BCD /* TodayTests */,
				AE54AA0324E2372C003A1BCD /* Products */,
			);
			sourceTree = "<group>";
		};
		AE54AA0324E2372C003A1BCD /* Products */ = {
			isa = PBXGroup;
			children = (
				AE54AA0224E2372C003A1BCD /* Today.app */,
				AE54AA1B24E23730003A1BCD /* TodayTests.xctest */,
			);
			name = Products;
			sourceTree = "<group>";
		};
		AE54AA0424E2372C003A1BCD /* Today */ = {
			isa = PBXGroup;
			children = (
				AE54AA0524E2372C003A1BCD /* AppDelegate.swift */,
				AE54AA0724E2372C003A1BCD /* SceneDelegate.swift */,
				AE54AA0C24E2372C003A1BCD /* ContentView.swift */,
				AE54AA0E24E23730003A1BCD /* Assets.xcassets */,
				AE54AA1324E23730003A1BCD /* LaunchScreen.storyboard */,
				AE54AA1624E23730003A1BCD /* Info.plist */,
				AE54AA0924E2372C003A1BCD /* Today.xcdatamodeld */,
				AE54AA1024E23730003A1BCD /* Preview Content */,
			);
			path = Today;
			sourceTree = "<group>";
		};
		AE54AA1024E23730003A1BCD /* Preview Content */ = {
			isa = PBXGroup;
			children = (
				AE54AA1124E23730003A1BCD /* Preview Assets.xcassets */,
			);
			path = "Preview Content";
			sourceTree = "<group>";
		};
		AE54AA1E24E23730003A1BCD /* TodayTests */ = {
			isa = PBXGroup;
			children = (
				AE54AA1F24E23730003A1BCD /* TodayTests.swift */,
				AE54AA2124E23730003A1BCD /* Info.plist */,
			);
			path = TodayTests;
			sourceTree = "<group>";
		};
/* End PBXGroup section */

/* Begin PBXNativeTarget section */
		AE54AA0124E2372C003A1BCD /* Today */ = {
			isa = PBXNativeTarget;
			buildConfigurationList = AE54AA2424E23730003A1BCD /* Build configuration list for PBXNativeTarget "Today" */;
			buildPhases = (
				AE54A9FE24E2372C003A1BCD /* Sources */,
				AE54A9FF24E2372C003A1BCD /* Frameworks */,
				AE54AA0024E2372C003A1BCD /* Resources */,
			);
			buildRules = (
			);
			dependencies = (
			);
			name = Today;
			productName = Today;
			productReference = AE54AA0224E2372C003A1BCD /* Today.app */;
			productType = "com.apple.product-type.application";
		};
		AE54AA1A24E23730003A1BCD /* TodayTests */ = {
			isa = PBXNativeTarget;
			buildConfigurationList = AE54AA2724E23730003A1BCD /* Build configuration list for PBXNativeTarget "TodayTests" */;
			buildPhases = (
				AE54AA1724E23730003A1BCD /* Sources */,
				AE54AA1824E23730003A1BCD /* Frameworks */,
				AE54AA1924E23730003A1BCD /* Resources */,
			);
			buildRules = (
			);
			dependencies = (
				AE54AA1D24E23730003A1BCD /* PBXTargetDependency */,
			);
			name = TodayTests;
			productName = TodayTests;
			productReference = AE54AA1B24E23730003A1BCD /* TodayTests.xctest */;
			productType = "com.apple.product-type.bundle.unit-test";
		};
/* End PBXNativeTarget section */

/* Begin PBXProject section */
		AE54A9FA24E2372C003A1BCD /* Project object */ = {
			isa = PBXProject;
			attributes = {
				LastSwiftUpdateCheck = 1160;
				LastUpgradeCheck = 1160;
				ORGANIZATIONNAME = Cloud;
				TargetAttributes = {
					AE54AA0124E2372C003A1BCD = {
						CreatedOnToolsVersion = 11.6;
					};
					AE54AA1A24E23730003A1BCD = {
						CreatedOnToolsVersion = 11.6;
						TestTargetID = AE54AA0124E2372C003A1BCD;
					};
				};
			};
			buildConfigurationList = AE54A9FD24E2372C003A1BCD /* Build configuration list for PBXProject "Today" */;
			compatibilityVersion = "Xcode 9.3";
			developmentRegion = en;
			hasScannedForEncodings = 0;
			knownRegions = (
				en,
				Base,
			);
			mainGroup = AE54A9F924E2372C003A1BCD;
			productRefGroup = AE54AA0324E2372C003A1BCD /* Products */;
			projectDirPath = "";
			projectRoot = "";
			targets = (
				AE54AA0124E2372C003A1BCD /* Today */,
				AE54AA1A24E23730003A1BCD /* TodayTests */,
			);
		};
/* End PBXProject section */

/* Begin PBXResourcesBuildPhase section */
		AE54AA0024E2372C003A1BCD /* Resources */ = {
			isa = PBXResourcesBuildPhase;
			buildActionMask = 2147483647;
			files = (
				AE54AA1524E23730003A1BCD /* LaunchScreen.storyboard in Resources */,
				AE54AA1224E23730003A1BCD /* Preview Assets.xcassets in Resources */,
				AE54AA0F24E23730003A1BCD /* Assets.xcassets in Resources */,
			);
			runOnlyForDeploymentPostprocessing = 0;
		};
		AE54AA1924E23730003A1BCD /* Resources */ = {
			isa = PBXResourcesBuildPhase;
			buildActionMask = 2147483647;
			files = (
			);
			runOnlyForDeploymentPostprocessing = 0;
		};
/* End PBXResourcesBuildPhase section */

/* Begin PBXSourcesBuildPhase section */
		AE54A9FE24E2372C003A1BCD /* Sources */ = {
			isa = PBXSourcesBuildPhase;
			buildActionMask = 2147483647;
			files = (
				AE54AA0B24E2372C003A1BCD /* Today.xcdatamodeld in Sources */,
				AE54AA0624E2372C003A1BCD /* AppDelegate.swift in Sources */,
				AE54AA0D24E2372C003A1BCD /* ContentView.swift in Sources */,
				AE54AA0824E2372C003A1BCD /* SceneDelegate.swift in Sources */,
			);
			runOnlyForDeploymentPostprocessing = 0;
		};
		AE54AA1724E23730003A1BCD /* Sources */ = {
			isa = PBXSourcesBuildPhase;
			buildActionMask = 2147483647;
			files = (
				AE54AA2024E23730003A1BCD /* TodayTests.swift in Sources */,
			);
			runOnlyForDeploymentPostprocessing = 0;
		};
/* End PBXSourcesBuildPhase section */

/* Begin PBXTargetDependency section */
		AE54AA1D24E23730003A1BCD /* PBXTargetDependency */ = {
			isa = PBXTargetDependency;
			target = AE54AA0124E2372C003A1BCD /* Today */;
			targetProxy = AE54AA1C24E23730003A1BCD /* PBXContainerItemProxy */;
		};
/* End PBXTargetDependency section */

/* Begin PBXVariantGroup section */
		AE54AA1324E23730003A1BCD /* LaunchScreen.storyboard */ = {
			isa = PBXVariantGroup;
			children = (
				AE54AA1424E23730003A1BCD /* Base */,
			);
			name = LaunchScreen.storyboard;
			sourceTree = "<group>";
		};
/* End PBXVariantGroup section */

/* Begin XCBuildConfiguration section */
		AE54AA2224E23730003A1BCD /* Debug */ = {
			isa = XCBuildConfiguration;
			buildSettings = {
				ALWAYS_SEARCH_USER_PATHS = NO;
				CLANG_ANALYZER_NONNULL = YES;
				CLANG_ANALYZER_NUMBER_OBJECT_CONVERSION = YES_AGGRESSIVE;
				CLANG_CXX_LANGUAGE_STANDARD = "gnu++14";
				CLANG_CXX_LIBRARY = "libc++";
				CLANG_ENABLE_MODULES = YES;
				CLANG_ENABLE_OBJC_ARC = YES;
				CLANG_ENABLE_OBJC_WEAK = YES;
				CLANG_WARN_BLOCK_CAPTURE_AUTORELEASING = YES;
				CLANG_WARN_BOOL_CONVERSION = YES;
				CLANG_WARN_COMMA = YES;
				CLANG_WARN_CONSTANT_CONVERSION = YES;
				CLANG_WARN_DEPRECATED_OBJC_IMPLEMENTATIONS = YES;
				CLANG_WARN_DIRECT_OBJC_ISA_USAGE = YES_ERROR;
				CLANG_WARN_DOCUMENTATION_COMMENTS = YES;
				CLANG_WARN_EMPTY_BODY = YES;
				CLANG_WARN_ENUM_CONVERSION = YES;
				CLANG_WARN_INFINITE_RECURSION = YES;
				CLANG_WARN_INT_CONVERSION = YES;
				CLANG_WARN_NON_LITERAL_NULL_CONVERSION = YES;
				CLANG_WARN_OBJC_IMPLICIT_RETAIN_SELF = YES;
				CLANG_WARN_OBJC_LITERAL_CONVERSION = YES;
				CLANG_WARN_OBJC_ROOT_CLASS = YES_ERROR;
				CLANG_WARN_RANGE_LOOP_ANALYSIS = YES;
				CLANG_WARN_STRICT_PROTOTYPES = YES;
				CLANG_WARN_SUSPICIOUS_MOVE = YES;
				CLANG_WARN_UNGUARDED_AVAILABILITY = YES_AGGRESSIVE;
				CLANG_WARN_UNREACHABLE_CODE = YES;
				CLANG_WARN__DUPLICATE_METHOD_MATCH = YES;
				COPY_PHASE_STRIP = NO;
				DEBUG_INFORMATION_FORMAT = dwarf;
				ENABLE_STRICT_OBJC_MSGSEND = YES;
				ENABLE_TESTABILITY = YES;
				GCC_C_LANGUAGE_STANDARD = gnu11;
				GCC_DYNAMIC_NO_PIC = NO;
				GCC_NO_COMMON_BLOCKS = YES;
				GCC_OPTIMIZATION_LEVEL = 0;
				GCC_PREPROCESSOR_DEFINITIONS = (
					"DEBUG=1",
					"$(inherited)",
				);
				GCC_WARN_64_TO_32_BIT_CONVERSION = YES;
				GCC_WARN_ABOUT_RETURN_TYPE = YES_ERROR;
				GCC_WARN_UNDECLARED_SELECTOR = YES;
				GCC_WARN_UNINITIALIZED_AUTOS = YES_AGGRESSIVE;
				GCC_WARN_UNUSED_FUNCTION = YES;
				GCC_WARN_UNUSED_VARIABLE = YES;
				IPHONEOS_DEPLOYMENT_TARGET = 13.6;
				MTL_ENABLE_DEBUG_INFO = INCLUDE_SOURCE;
				MTL_FAST_MATH = YES;
				ONLY_ACTIVE_ARCH = YES;
				SDKROOT = iphoneos;
				SWIFT_ACTIVE_COMPILATION_CONDITIONS = DEBUG;
				SWIFT_OPTIMIZATION_LEVEL = "-Onone";
			};
			name = Debug;
		};
		AE54AA2324E23730003A1BCD /* Release */ = {
			isa = XCBuildConfiguration;
			buildSettings = {
				ALWAYS_SEARCH_USER_PATHS = NO;
				CLANG_ANALYZER_NONNULL = YES;
				CLANG_ANALYZER_NUMBER_OBJECT_CONVERSION = YES_AGGRESSIVE;
				CLANG_CXX_LANGUAGE_STANDARD = "gnu++14";
				CLANG_CXX_LIBRARY = "libc++";
				CLANG_ENABLE_MODULES = YES;
				CLANG_ENABLE_OBJC_ARC = YES;
				CLANG_ENABLE_OBJC_WEAK = YES;
				CLANG_WARN_BLOCK_CAPTURE_AUTORELEASING = YES;
				CLANG_WARN_BOOL_CONVERSION = YES;
				CLANG_WARN_COMMA = YES;
				CLANG_WARN_CONSTANT_CONVERSION = YES;
				CLANG_WARN_DEPRECATED_OBJC_IMPLEMENTATIONS = YES;
				CLANG_WARN_DIRECT_OBJC_ISA_USAGE = YES_ERROR;
				CLANG_WARN_DOCUMENTATION_COMMENTS = YES;
				CLANG_WARN_EMPTY_BODY = YES;
				CLANG_WARN_ENUM_CONVERSION = YES;
				CLANG_WARN_INFINITE_RECURSION = YES;
				CLANG_WARN_INT_CONVERSION = YES;
				CLANG_WARN_NON_LITERAL_NULL_CONVERSION = YES;
				CLANG_WARN_OBJC_IMPLICIT_RETAIN_SELF = YES;
				CLANG_WARN_OBJC_LITERAL_CONVERSION = YES;
				CLANG_WARN_OBJC_ROOT_CLASS = YES_ERROR;
				CLANG_WARN_RANGE_LOOP_ANALYSIS = YES;
				CLANG_WARN_STRICT_PROTOTYPES = YES;
				CLANG_WARN_SUSPICIOUS_MOVE = YES;
				CLANG_WARN_UNGUARDED_AVAILABILITY = YES_AGGRESSIVE;
				CLANG_WARN_UNREACHABLE_CODE = YES;
				CLANG_WARN__DUPLICATE_METHOD_MATCH = YES;
				COPY_PHASE_STRIP = NO;
				DEBUG_INFORMATION_FORMAT = "dwarf-with-dsym";
				ENABLE_NS_ASSERTIONS = NO;
				ENABLE_STRICT_OBJC_MSGSEND = YES;
				GCC_C_LANGUAGE_STANDARD = gnu11;
				GCC_NO_COMMON_BLOCKS = YES;
				GCC_WARN_64_TO_32_BIT_CONVERSION = YES;
				GCC_WARN_ABOUT_RETURN_TYPE = YES_ERROR;
				GCC_WARN_UNDECLARED_SELECTOR = YES;
				GCC_WARN_UNINITIALIZED_AUTOS = YES_AGGRESSIVE;
				GCC_WARN_UNUSED_FUNCTION = YES;
				GCC_WARN_UNUSED_VARIABLE = YES;
				IPHONEOS_DEPLOYMENT_TARGET = 13.6;
				MTL_ENABLE_DEBUG_INFO = NO;
				MTL_FAST_MATH = YES;
				SDKROOT = iphoneos;
				SWIFT_COMPILATION_MODE = wholemodule;
				SWIFT_OPTIMIZATION_LEVEL = "-O";
				VALIDATE_PRODUCT = YES;
			};
			name = Release;
		};
		AE54AA2524E23730003A1BCD /* Debug */ = {
			isa = XCBuildConfiguration;
			buildSettings = {
				ASSETCATALOG_COMPILER_APPICON_NAME = AppIcon;
				CODE_SIGN_STYLE = Automatic;
				DEVELOPMENT_ASSET_PATHS = "\"Today/Preview Content\"";
				ENABLE_PREVIEWS = YES;
				INFOPLIST_FILE = Today/Info.plist;
				LD_RUNPATH_SEARCH_PATHS = (
					"$(inherited)",
					"@executable_path/Frameworks",
				);
				PRODUCT_BUNDLE_IDENTIFIER = cLoud.Today;
				PRODUCT_NAME = "$(TARGET_NAME)";
				SWIFT_VERSION = 5.0;
				TARGETED_DEVICE_FAMILY = "1,2";
			};
			name = Debug;
		};
		AE54AA2624E23730003A1BCD /* Release */ = {
			isa = XCBuildConfiguration;
			buildSettings = {
				ASSETCATALOG_COMPILER_APPICON_NAME = AppIcon;
				CODE_SIGN_STYLE = Automatic;
				DEVELOPMENT_ASSET_PATHS = "\"Today/Preview Content\"";
				ENABLE_PREVIEWS = YES;
				INFOPLIST_FILE = Today/Info.plist;
				LD_RUNPATH_SEARCH_PATHS = (
					"$(inherited)",
					"@executable_path/Frameworks",
				);
				PRODUCT_BUNDLE_IDENTIFIER = cLoud.Today;
				PRODUCT_NAME = "$(TARGET_NAME)";
				SWIFT_VERSION = 5.0;
				TARGETED_DEVICE_FAMILY = "1,2";
			};
			name = Release;
		};
		AE54AA2824E23730003A1BCD /* Debug */ = {
			isa = XCBuildConfiguration;
			buildSettings = {
				ALWAYS_EMBED_SWIFT_STANDARD_LIBRARIES = YES;
				BUNDLE_LOADER = "$(TEST_HOST)";
				CODE_SIGN_STYLE = Automatic;
				INFOPLIST_FILE = TodayTests/Info.plist;
				IPHONEOS_DEPLOYMENT_TARGET = 13.6;
				LD_RUNPATH_SEARCH_PATHS = (
					"$(inherited)",
					"@executable_path/Frameworks",
					"@loader_path/Frameworks",
				);
				PRODUCT_BUNDLE_IDENTIFIER = cLoud.TodayTests;
				PRODUCT_NAME = "$(TARGET_NAME)";
				SWIFT_VERSION = 5.0;
				TARGETED_DEVICE_FAMILY = "1,2";
				TEST_HOST = "$(BUILT_PRODUCTS_DIR)/Today.app/Today";
			};
			name = Debug;
		};
		AE54AA2924E23730003A1BCD /* Release */ = {
			isa = XCBuildConfiguration;
			buildSettings = {
				ALWAYS_EMBED_SWIFT_STANDARD_LIBRARIES = YES;
				BUNDLE_LOADER = "$(TEST_HOST)";
				CODE_SIGN_STYLE = Automatic;
				INFOPLIST_FILE = TodayTests/Info.plist;
				IPHONEOS_DEPLOYMENT_TARGET = 13.6;
				LD_RUNPATH_SEARCH_PATHS = (
					"$(inherited)",
					"@executable_path/Frameworks",
					"@loader_path/Frameworks",
				);
				PRODUCT_BUNDLE_IDENTIFIER = cLoud.TodayTests;
				PRODUCT_NAME = "$(TARGET_NAME)";
				SWIFT_VERSION = 5.0;
				TARGETED_DEVICE_FAMILY = "1,2";
				TEST_HOST = "$(BUILT_PRODUCTS_DIR)/Today.app/Today";
			};
			name = Release;
		};
/* End XCBuildConfiguration section */

/* Begin XCConfigurationList section */
		AE54A9FD24E2372C003A1BCD /* Build configuration list for PBXProject "Today" */ = {
			isa = XCConfigurationList;
			buildConfigurations = (
				AE54AA2224E23730003A1BCD /* Debug */,
				AE54AA2324E23730003A1BCD /* Release */,
			);
			defaultConfigurationIsVisible = 0;
			defaultConfigurationName = Release;
		};
		AE54AA2424E23730003A1BCD /* Build configuration list for PBXNativeTarget "Today" */ = {
			isa = XCConfigurationList;
			buildConfigurations = (
				AE54AA2524E23730003A1BCD /* Debug */,
				AE54AA2624E23730003A1BCD /* Release */,
			);
			defaultConfigurationIsVisible = 0;
			defaultConfigurationName = Release;
		};
		AE54AA2724E23730003A1BCD /* Build configuration list for PBXNativeTarget "TodayTests" */ = {
			isa = XCConfigurationList;
			buildConfigurations = (
				AE54AA2824E23730003A1BCD /* Debug */,
				AE54AA2924E23730003A1BCD /* Release */,
			);
			defaultConfigurationIsVisible = 0;
			defaultConfigurationName = Release;
		};
/* End XCConfigurationList section */

/* Begin XCVersionGroup section */
		AE54AA0924E2372C003A1BCD /* Today.xcdatamodeld */ = {
			isa = XCVersionGroup;
			children = (
				AE54AA0A24E2372C003A1BCD /* Today.xcdatamodel */,
			);
			currentVersion = AE54AA0A24E2372C003A1BCD /* Today.xcdatamodel */;
			path = Today.xcdatamodeld;
			sourceTree = "<group>";
			versionGroupType = wrapper.xcdatamodel;
		};
/* End XCVersionGroup section */
	};
	rootObject = AE54A9FA24E2372C003A1BCD /* Project object */;
}
